{
  "name": "@suiflex/suitest-mcp",
  "version": "0.11.1",
  "lockfileVersion": 3,
  "requires": true,
  "packages": {
    "": {
      "name": "@suiflex/suitest-mcp",
      "version": "0.11.1",
      "license": "Apache-2.0",
      "dependencies": {
        "@suiflex/kurir": "^0.1.0"
      },
      "bin": {
        "suitest-mcp": "bin/suitest-mcp.js"
      },
      "engines": {
        "node": ">=18"
      }
    },
    "node_modules/@suiflex/kurir": {
      "version": "0.1.0",
      "resolved": "https://registry.npmjs.org/@suiflex/kurir/-/kurir-0.1.0.tgz",
      "integrity": "sha512-yKlcpKVzW+zQ4p4uUUlyIXgnrQxhyULvLjKxDCvavdr3o6o3wHLJ4CF8DJfthjDOTAbk78D+DFD3L9oddhLfoQ==",
      "hasInstallScript": true,
      "license": "MIT",
      "bin": {
        "kurir": "bin/kurir.js"
      },
      "engines": {
        "node": ">=18"
      }
    }
  }
}
